
Microsoft Visual Studio Solution File, Format Version 12.00
# Visual Studio 15
VisualStudioVersion = 15.0.27703.2047
MinimumVisualStudioVersion = 10.0.40219.1
Project("{FAE04EC0-301F-11D3-BF4B-00C04F79EFBC}") = "TennisGame0803", "TennisGame0803\TennisGame0803.csproj", "{35D93874-B0E6-4D55-A181-EBC9983E3C10}"
EndProject
Global
	GlobalSection(SolutionConfigurationPlatforms) = preSolution
		Debug|Any CPU = Debug|Any CPU
		Release|Any CPU = Release|Any CPU
	EndGlobalSection
	GlobalSection(ProjectConfigurationPlatforms) = postSolution
		{35D93874-B0E6-4D55-A181-EBC9983E3C10}.Debug|Any CPU.ActiveCfg = Debug|Any CPU
		{35D93874-B0E6-4D55-A181-EBC9983E3C10}.Debug|Any CPU.Build.0 = Debug|Any CPU
		{35D93874-B0E6-4D55-A181-EBC9983E3C10}.Release|Any CPU.ActiveCfg = Release|Any CPU
		{35D93874-B0E6-4D55-A181-EBC9983E3C10}.Release|Any CPU.Build.0 = Release|Any CPU
	EndGlobalSection
	GlobalSection(SolutionProperties) = preSolution
		HideSolutionNode = FALSE
	EndGlobalSection
	GlobalSection(ExtensibilityGlobals) = postSolution
		SolutionGuid = {C8FF143E-9563-42D3-BA9A-FB7FFB06499F}
	EndGlobalSection
EndGlobal
